{
    "_readme": "This file was generated by Sheep on July 30, 2018, 7:36 am.",
    "plugins": {
        "autoinv": {
            "source": "Poggit",
            "name": "AutoInv",
            "version": "0.0.9",
            "update": null,
            "state": 3
        },
        "banitem": {
            "source": "Poggit",
            "name": "BanItem",
            "version": "2.3.3",
            "update": null,
            "state": 3
        },
        "blockcmd": {
            "source": "Poggit",
            "name": "BlockCMD",
            "version": "1.0.0-beta",
            "update": null,
            "state": 3
        },
        "blazinfly": {
            "source": "Poggit",
            "name": "BlazinFly",
            "version": "1.8.6",
            "update": null,
            "state": 3
        },
        "chestshop": {
            "source": "Poggit",
            "name": "ChestShop",
            "version": "4.0",
            "update": null,
            "state": 3
        },
        "broadcaster": {
            "source": "Poggit",
            "name": "Broadcaster",
            "version": "1.5",
            "update": null,
            "state": 3
        },
        "devtools": {
            "source": "Poggit",
            "name": "DevTools",
            "version": "1.13.0",
            "update": null,
            "state": 3
        },
        "customalerts": {
            "source": "Poggit",
            "name": "CustomAlerts",
            "version": "2.0",
            "update": null,
            "state": 3
        },
        "simplewarp": {
            "source": "Local",
            "name": "SimpleWarp",
            "version": "4.0.1",
            "update": null,
            "state": 3
        },
        "economyapi": {
            "source": "Poggit",
            "name": "EconomyAPI",
            "version": "5.7.2",
            "update": null,
            "state": 3
        },
        "itemcloud": {
            "source": "Poggit",
            "name": "ItemCloud",
            "version": "1.3.1",
            "update": null,
            "state": 3
        },
        "killmoney": {
            "source": "Poggit",
            "name": "KillMoney",
            "version": "1.0.0-beta",
            "update": null,
            "state": 3
        },
        "mystats": {
            "source": "Poggit",
            "name": "MyStats",
            "version": "1.4.13",
            "update": null,
            "state": 3
        },
        "mspawns": {
            "source": "Poggit",
            "name": "MSpawns",
            "version": "2.2",
            "update": null,
            "state": 3
        },
        "mysterycrate": {
            "source": "Poggit",
            "name": "MysteryCrate",
            "version": "6.2.0",
            "update": null,
            "state": 3
        },
        "pureperms": {
            "source": "Poggit",
            "name": "PurePerms",
            "version": "1.4.2",
            "update": null,
            "state": 3
        },
        "sheep": {
            "source": "Poggit",
            "name": "Sheep",
            "version": "5.2.3",
            "update": null,
            "state": 3
        },
        "signserverstats": {
            "source": "Poggit",
            "name": "SignServerStats",
            "version": "1.1.1",
            "update": null,
            "state": 3
        },
        "sizeplayer": {
            "source": "Poggit",
            "name": "SizePlayer",
            "version": "1.0.3",
            "update": null,
            "state": 3
        },
        "slapper": {
            "source": "Poggit",
            "name": "Slapper",
            "version": "1.4.0",
            "update": null,
            "state": 3
        },
        "statuslist": {
            "source": "Poggit",
            "name": "StatusList",
            "version": "1.1.1",
            "update": null,
            "state": 3
        },
        "topvoter": {
            "source": "Poggit",
            "name": "TopVoter",
            "version": "3.0.0",
            "update": null,
            "state": 3
        },
        "worldprotect": {
            "source": "Poggit",
            "name": "WorldProtect",
            "version": "2.3.7",
            "update": null,
            "state": 3
        },
        "worlds": {
            "source": "Poggit",
            "name": "Worlds",
            "version": "2.0.3",
            "update": null,
            "state": 3
        },
        "linkplayercount": {
            "source": "Poggit",
            "name": "LinkPlayerCount",
            "version": "1.0.1",
            "update": null,
            "state": 3
        },
        "advancedkits": {
            "source": "Poggit",
            "name": "AdvancedKits",
            "version": "5.2.3",
            "update": null,
            "state": 3
        },
        "factionspro": {
            "source": "Poggit",
            "name": "FactionsPro",
            "version": "1.3.11-11",
            "update": null,
            "state": 3
        },
        "grabbag": {
            "source": "Poggit",
            "name": "GrabBag",
            "version": "2.4.3",
            "update": null,
            "state": 3
        },
        "purechat": {
            "source": "Poggit",
            "name": "PureChat",
            "version": "1.4.11",
            "update": null,
            "state": 3
        },
        "cameraman": {
            "source": "Poggit",
            "name": "Cameraman",
            "version": "1.1.1",
            "update": null,
            "state": 3
        }
    }
}